<?xml version="1.0" encoding="utf-8"?>
<Project ToolsVersion="4.0" xmlns="http://schemas.microsoft.com/developer/msbuild/2003">
  <ItemGroup>
    <Filter Include="Source Files">
      <UniqueIdentifier>{4FC737F1-C7A5-4376-A066-2A32D752A2FF}</UniqueIdentifier>
      <Extensions>cpp;c;cc;cxx;c++;cppm;ixx;def;odl;idl;hpj;bat;asm;asmx</Extensions>
    </Filter>
    <Filter Include="Header Files">
      <UniqueIdentifier>{93995380-89BD-4b04-88EB-625FBE52EBFB}</UniqueIdentifier>
      <Extensions>h;hh;hpp;hxx;h++;hm;inl;inc;ipp;xsd</Extensions>
    </Filter>
    <Filter Include="Resource Files">
      <UniqueIdentifier>{67DA6AB6-F800-4c08-8B7A-83BB121AAD01}</UniqueIdentifier>
      <Extensions>rc;ico;cur;bmp;dlg;rc2;rct;bin;rgs;gif;jpg;jpeg;jpe;resx;tiff;tif;png;wav;mfcribbon-ms</Extensions>
    </Filter>
  </ItemGroup>
  <ItemGroup>
    <ClCompile Include="main.cpp">
      <Filter>Source Files</Filter>
    </ClCompile>
    <ClCompile Include="eauth\eauth.cpp">
      <Filter>Source Files</Filter>
    </ClCompile>
    <ClCompile Include="eauth\mbedtls\library\aes.c">
      <Filter>Source Files</Filter>
    </ClCompile>
    <ClCompile Include="eauth\mbedtls\library\aesni.c">
      <Filter>Source Files</Filter>
    </ClCompile>
    <ClCompile Include="eauth\mbedtls\library\arc4.c">
      <Filter>Source Files</Filter>
    </ClCompile>
    <ClCompile Include="eauth\mbedtls\library\aria.c">
      <Filter>Source Files</Filter>
    </ClCompile>
    <ClCompile Include="eauth\mbedtls\library\asn1parse.c">
      <Filter>Source Files</Filter>
    </ClCompile>
    <ClCompile Include="eauth\mbedtls\library\asn1write.c">
      <Filter>Source Files</Filter>
    </ClCompile>
    <ClCompile Include="eauth\mbedtls\library\base64.c">
      <Filter>Source Files</Filter>
    </ClCompile>
    <ClCompile Include="eauth\mbedtls\library\bignum.c">
      <Filter>Source Files</Filter>
    </ClCompile>
    <ClCompile Include="eauth\mbedtls\library\blowfish.c">
      <Filter>Source Files</Filter>
    </ClCompile>
    <ClCompile Include="eauth\mbedtls\library\camellia.c">
      <Filter>Source Files</Filter>
    </ClCompile>
    <ClCompile Include="eauth\mbedtls\library\ccm.c">
      <Filter>Source Files</Filter>
    </ClCompile>
    <ClCompile Include="eauth\mbedtls\library\chacha20.c">
      <Filter>Source Files</Filter>
    </ClCompile>
    <ClCompile Include="eauth\mbedtls\library\chachapoly.c">
      <Filter>Source Files</Filter>
    </ClCompile>
    <ClCompile Include="eauth\mbedtls\library\cipher.c">
      <Filter>Source Files</Filter>
    </ClCompile>
    <ClCompile Include="eauth\mbedtls\library\cipher_wrap.c">
      <Filter>Source Files</Filter>
    </ClCompile>
    <ClCompile Include="eauth\mbedtls\library\cmac.c">
      <Filter>Source Files</Filter>
    </ClCompile>
    <ClCompile Include="eauth\mbedtls\library\ctr_drbg.c">
      <Filter>Source Files</Filter>
    </ClCompile>
    <ClCompile Include="eauth\mbedtls\library\des.c">
      <Filter>Source Files</Filter>
    </ClCompile>
    <ClCompile Include="eauth\mbedtls\library\dhm.c">
      <Filter>Source Files</Filter>
    </ClCompile>
    <ClCompile Include="eauth\mbedtls\library\ecdh.c">
      <Filter>Source Files</Filter>
    </ClCompile>
    <ClCompile Include="eauth\mbedtls\library\ecdsa.c">
      <Filter>Source Files</Filter>
    </ClCompile>
    <ClCompile Include="eauth\mbedtls\library\ecjpake.c">
      <Filter>Source Files</Filter>
    </ClCompile>
    <ClCompile Include="eauth\mbedtls\library\ecp.c">
      <Filter>Source Files</Filter>
    </ClCompile>
    <ClCompile Include="eauth\mbedtls\library\ecp_curves.c">
      <Filter>Source Files</Filter>
    </ClCompile>
    <ClCompile Include="eauth\mbedtls\library\entropy.c">
      <Filter>Source Files</Filter>
    </ClCompile>
    <ClCompile Include="eauth\mbedtls\library\entropy_poll.c">
      <Filter>Source Files</Filter>
    </ClCompile>
    <ClCompile Include="eauth\mbedtls\library\error.c">
      <Filter>Source Files</Filter>
    </ClCompile>
    <ClCompile Include="eauth\mbedtls\library\gcm.c">
      <Filter>Source Files</Filter>
    </ClCompile>
    <ClCompile Include="eauth\mbedtls\library\havege.c">
      <Filter>Source Files</Filter>
    </ClCompile>
    <ClCompile Include="eauth\mbedtls\library\hkdf.c">
      <Filter>Source Files</Filter>
    </ClCompile>
    <ClCompile Include="eauth\mbedtls\library\hmac_drbg.c">
      <Filter>Source Files</Filter>
    </ClCompile>
    <ClCompile Include="eauth\mbedtls\library\md.c">
      <Filter>Source Files</Filter>
    </ClCompile>
    <ClCompile Include="eauth\mbedtls\library\md2.c">
      <Filter>Source Files</Filter>
    </ClCompile>
    <ClCompile Include="eauth\mbedtls\library\md4.c">
      <Filter>Source Files</Filter>
    </ClCompile>
    <ClCompile Include="eauth\mbedtls\library\md5.c">
      <Filter>Source Files</Filter>
    </ClCompile>
    <ClCompile Include="eauth\mbedtls\library\memory_buffer_alloc.c">
      <Filter>Source Files</Filter>
    </ClCompile>
    <ClCompile Include="eauth\mbedtls\library\nist_kw.c">
      <Filter>Source Files</Filter>
    </ClCompile>
    <ClCompile Include="eauth\mbedtls\library\oid.c">
      <Filter>Source Files</Filter>
    </ClCompile>
    <ClCompile Include="eauth\mbedtls\library\padlock.c">
      <Filter>Source Files</Filter>
    </ClCompile>
    <ClCompile Include="eauth\mbedtls\library\pem.c">
      <Filter>Source Files</Filter>
    </ClCompile>
    <ClCompile Include="eauth\mbedtls\library\pk.c">
      <Filter>Source Files</Filter>
    </ClCompile>
    <ClCompile Include="eauth\mbedtls\library\pk_wrap.c">
      <Filter>Source Files</Filter>
    </ClCompile>
    <ClCompile Include="eauth\mbedtls\library\pkcs5.c">
      <Filter>Source Files</Filter>
    </ClCompile>
    <ClCompile Include="eauth\mbedtls\library\pkcs12.c">
      <Filter>Source Files</Filter>
    </ClCompile>
    <ClCompile Include="eauth\mbedtls\library\pkparse.c">
      <Filter>Source Files</Filter>
    </ClCompile>
    <ClCompile Include="eauth\mbedtls\library\pkwrite.c">
      <Filter>Source Files</Filter>
    </ClCompile>
    <ClCompile Include="eauth\mbedtls\library\platform.c">
      <Filter>Source Files</Filter>
    </ClCompile>
    <ClCompile Include="eauth\mbedtls\library\platform_util.c">
      <Filter>Source Files</Filter>
    </ClCompile>
    <ClCompile Include="eauth\mbedtls\library\poly1305.c">
      <Filter>Source Files</Filter>
    </ClCompile>
    <ClCompile Include="eauth\mbedtls\library\psa_crypto.c">
      <Filter>Source Files</Filter>
    </ClCompile>
    <ClCompile Include="eauth\mbedtls\library\psa_crypto_se.c">
      <Filter>Source Files</Filter>
    </ClCompile>
    <ClCompile Include="eauth\mbedtls\library\psa_crypto_slot_management.c">
      <Filter>Source Files</Filter>
    </ClCompile>
    <ClCompile Include="eauth\mbedtls\library\psa_crypto_storage.c">
      <Filter>Source Files</Filter>
    </ClCompile>
    <ClCompile Include="eauth\mbedtls\library\psa_its_file.c">
      <Filter>Source Files</Filter>
    </ClCompile>
    <ClCompile Include="eauth\mbedtls\library\ripemd160.c">
      <Filter>Source Files</Filter>
    </ClCompile>
    <ClCompile Include="eauth\mbedtls\library\rsa.c">
      <Filter>Source Files</Filter>
    </ClCompile>
    <ClCompile Include="eauth\mbedtls\library\rsa_internal.c">
      <Filter>Source Files</Filter>
    </ClCompile>
    <ClCompile Include="eauth\mbedtls\library\sha1.c">
      <Filter>Source Files</Filter>
    </ClCompile>
    <ClCompile Include="eauth\mbedtls\library\sha256.c">
      <Filter>Source Files</Filter>
    </ClCompile>
    <ClCompile Include="eauth\mbedtls\library\sha512.c">
      <Filter>Source Files</Filter>
    </ClCompile>
    <ClCompile Include="eauth\mbedtls\library\threading.c">
      <Filter>Source Files</Filter>
    </ClCompile>
    <ClCompile Include="eauth\mbedtls\library\timing.c">
      <Filter>Source Files</Filter>
    </ClCompile>
    <ClCompile Include="eauth\mbedtls\library\version.c">
      <Filter>Source Files</Filter>
    </ClCompile>
    <ClCompile Include="eauth\mbedtls\library\version_features.c">
      <Filter>Source Files</Filter>
    </ClCompile>
    <ClCompile Include="eauth\mbedtls\library\xtea.c">
      <Filter>Source Files</Filter>
    </ClCompile>
  </ItemGroup>
  <ItemGroup>
    <ClInclude Include="eauth\curl\curl.h">
      <Filter>Header Files</Filter>
    </ClInclude>
    <ClInclude Include="eauth\curl\curlver.h">
      <Filter>Header Files</Filter>
    </ClInclude>
    <ClInclude Include="eauth\curl\easy.h">
      <Filter>Header Files</Filter>
    </ClInclude>
    <ClInclude Include="eauth\curl\header.h">
      <Filter>Header Files</Filter>
    </ClInclude>
    <ClInclude Include="eauth\curl\mprintf.h">
      <Filter>Header Files</Filter>
    </ClInclude>
    <ClInclude Include="eauth\curl\multi.h">
      <Filter>Header Files</Filter>
    </ClInclude>
    <ClInclude Include="eauth\curl\options.h">
      <Filter>Header Files</Filter>
    </ClInclude>
    <ClInclude Include="eauth\curl\stdcheaders.h">
      <Filter>Header Files</Filter>
    </ClInclude>
    <ClInclude Include="eauth\curl\system.h">
      <Filter>Header Files</Filter>
    </ClInclude>
    <ClInclude Include="eauth\curl\typecheck-gcc.h">
      <Filter>Header Files</Filter>
    </ClInclude>
    <ClInclude Include="eauth\curl\urlapi.h">
      <Filter>Header Files</Filter>
    </ClInclude>
    <ClInclude Include="eauth\curl\websockets.h">
      <Filter>Header Files</Filter>
    </ClInclude>
    <ClInclude Include="eauth\rapidjson\error\en.h">
      <Filter>Header Files</Filter>
    </ClInclude>
    <ClInclude Include="eauth\rapidjson\error\error.h">
      <Filter>Header Files</Filter>
    </ClInclude>
    <ClInclude Include="eauth\rapidjson\internal\biginteger.h">
      <Filter>Header Files</Filter>
    </ClInclude>
    <ClInclude Include="eauth\rapidjson\internal\clzll.h">
      <Filter>Header Files</Filter>
    </ClInclude>
    <ClInclude Include="eauth\rapidjson\internal\diyfp.h">
      <Filter>Header Files</Filter>
    </ClInclude>
    <ClInclude Include="eauth\rapidjson\internal\dtoa.h">
      <Filter>Header Files</Filter>
    </ClInclude>
    <ClInclude Include="eauth\rapidjson\internal\ieee754.h">
      <Filter>Header Files</Filter>
    </ClInclude>
    <ClInclude Include="eauth\rapidjson\internal\itoa.h">
      <Filter>Header Files</Filter>
    </ClInclude>
    <ClInclude Include="eauth\rapidjson\internal\meta.h">
      <Filter>Header Files</Filter>
    </ClInclude>
    <ClInclude Include="eauth\rapidjson\internal\pow10.h">
      <Filter>Header Files</Filter>
    </ClInclude>
    <ClInclude Include="eauth\rapidjson\internal\regex.h">
      <Filter>Header Files</Filter>
    </ClInclude>
    <ClInclude Include="eauth\rapidjson\internal\stack.h">
      <Filter>Header Files</Filter>
    </ClInclude>
    <ClInclude Include="eauth\rapidjson\internal\strfunc.h">
      <Filter>Header Files</Filter>
    </ClInclude>
    <ClInclude Include="eauth\rapidjson\internal\strtod.h">
      <Filter>Header Files</Filter>
    </ClInclude>
    <ClInclude Include="eauth\rapidjson\internal\swap.h">
      <Filter>Header Files</Filter>
    </ClInclude>
    <ClInclude Include="eauth\rapidjson\msinttypes\inttypes.h">
      <Filter>Header Files</Filter>
    </ClInclude>
    <ClInclude Include="eauth\rapidjson\msinttypes\stdint.h">
      <Filter>Header Files</Filter>
    </ClInclude>
    <ClInclude Include="eauth\rapidjson\allocators.h">
      <Filter>Header Files</Filter>
    </ClInclude>
    <ClInclude Include="eauth\rapidjson\cursorstreamwrapper.h">
      <Filter>Header Files</Filter>
    </ClInclude>
    <ClInclude Include="eauth\rapidjson\document.h">
      <Filter>Header Files</Filter>
    </ClInclude>
    <ClInclude Include="eauth\rapidjson\encodedstream.h">
      <Filter>Header Files</Filter>
    </ClInclude>
    <ClInclude Include="eauth\rapidjson\encodings.h">
      <Filter>Header Files</Filter>
    </ClInclude>
    <ClInclude Include="eauth\rapidjson\filereadstream.h">
      <Filter>Header Files</Filter>
    </ClInclude>
    <ClInclude Include="eauth\rapidjson\filewritestream.h">
      <Filter>Header Files</Filter>
    </ClInclude>
    <ClInclude Include="eauth\rapidjson\fwd.h">
      <Filter>Header Files</Filter>
    </ClInclude>
    <ClInclude Include="eauth\rapidjson\istreamwrapper.h">
      <Filter>Header Files</Filter>
    </ClInclude>
    <ClInclude Include="eauth\rapidjson\memorybuffer.h">
      <Filter>Header Files</Filter>
    </ClInclude>
    <ClInclude Include="eauth\rapidjson\memorystream.h">
      <Filter>Header Files</Filter>
    </ClInclude>
    <ClInclude Include="eauth\rapidjson\ostreamwrapper.h">
      <Filter>Header Files</Filter>
    </ClInclude>
    <ClInclude Include="eauth\rapidjson\pointer.h">
      <Filter>Header Files</Filter>
    </ClInclude>
    <ClInclude Include="eauth\rapidjson\prettywriter.h">
      <Filter>Header Files</Filter>
    </ClInclude>
    <ClInclude Include="eauth\rapidjson\rapidjson.h">
      <Filter>Header Files</Filter>
    </ClInclude>
    <ClInclude Include="eauth\rapidjson\reader.h">
      <Filter>Header Files</Filter>
    </ClInclude>
    <ClInclude Include="eauth\rapidjson\schema.h">
      <Filter>Header Files</Filter>
    </ClInclude>
    <ClInclude Include="eauth\rapidjson\stream.h">
      <Filter>Header Files</Filter>
    </ClInclude>
    <ClInclude Include="eauth\rapidjson\stringbuffer.h">
      <Filter>Header Files</Filter>
    </ClInclude>
    <ClInclude Include="eauth\rapidjson\uri.h">
      <Filter>Header Files</Filter>
    </ClInclude>
    <ClInclude Include="eauth\rapidjson\writer.h">
      <Filter>Header Files</Filter>
    </ClInclude>
    <ClInclude Include="eauth\eauth.h">
      <Filter>Header Files</Filter>
    </ClInclude>
    <ClInclude Include="eauth\XorStr.h">
      <Filter>Header Files</Filter>
    </ClInclude>
    <ClInclude Include="eauth\mbedtls\library\psa\crypto.h">
      <Filter>Header Files</Filter>
    </ClInclude>
    <ClInclude Include="eauth\mbedtls\library\psa\crypto_accel_driver.h">
      <Filter>Header Files</Filter>
    </ClInclude>
    <ClInclude Include="eauth\mbedtls\library\psa\crypto_compat.h">
      <Filter>Header Files</Filter>
    </ClInclude>
    <ClInclude Include="eauth\mbedtls\library\psa\crypto_driver_common.h">
      <Filter>Header Files</Filter>
    </ClInclude>
    <ClInclude Include="eauth\mbedtls\library\psa\crypto_entropy_driver.h">
      <Filter>Header Files</Filter>
    </ClInclude>
    <ClInclude Include="eauth\mbedtls\library\psa\crypto_extra.h">
      <Filter>Header Files</Filter>
    </ClInclude>
    <ClInclude Include="eauth\mbedtls\library\psa\crypto_platform.h">
      <Filter>Header Files</Filter>
    </ClInclude>
    <ClInclude Include="eauth\mbedtls\library\psa\crypto_se_driver.h">
      <Filter>Header Files</Filter>
    </ClInclude>
    <ClInclude Include="eauth\mbedtls\library\psa\crypto_sizes.h">
      <Filter>Header Files</Filter>
    </ClInclude>
    <ClInclude Include="eauth\mbedtls\library\psa\crypto_struct.h">
      <Filter>Header Files</Filter>
    </ClInclude>
    <ClInclude Include="eauth\mbedtls\library\psa\crypto_types.h">
      <Filter>Header Files</Filter>
    </ClInclude>
    <ClInclude Include="eauth\mbedtls\library\psa\crypto_values.h">
      <Filter>Header Files</Filter>
    </ClInclude>
    <ClInclude Include="eauth\mbedtls\library\psa_crypto_core.h">
      <Filter>Header Files</Filter>
    </ClInclude>
    <ClInclude Include="eauth\mbedtls\library\psa_crypto_invasive.h">
      <Filter>Header Files</Filter>
    </ClInclude>
    <ClInclude Include="eauth\mbedtls\library\psa_crypto_its.h">
      <Filter>Header Files</Filter>
    </ClInclude>
    <ClInclude Include="eauth\mbedtls\library\psa_crypto_se.h">
      <Filter>Header Files</Filter>
    </ClInclude>
    <ClInclude Include="eauth\mbedtls\library\psa_crypto_service_integration.h">
      <Filter>Header Files</Filter>
    </ClInclude>
    <ClInclude Include="eauth\mbedtls\library\psa_crypto_slot_management.h">
      <Filter>Header Files</Filter>
    </ClInclude>
    <ClInclude Include="eauth\mbedtls\library\psa_crypto_storage.h">
      <Filter>Header Files</Filter>
    </ClInclude>
    <ClInclude Include="eauth\mbedtls\aes.h">
      <Filter>Header Files</Filter>
    </ClInclude>
    <ClInclude Include="eauth\mbedtls\aesni.h">
      <Filter>Header Files</Filter>
    </ClInclude>
    <ClInclude Include="eauth\mbedtls\arc4.h">
      <Filter>Header Files</Filter>
    </ClInclude>
    <ClInclude Include="eauth\mbedtls\aria.h">
      <Filter>Header Files</Filter>
    </ClInclude>
    <ClInclude Include="eauth\mbedtls\asn1.h">
      <Filter>Header Files</Filter>
    </ClInclude>
    <ClInclude Include="eauth\mbedtls\asn1write.h">
      <Filter>Header Files</Filter>
    </ClInclude>
    <ClInclude Include="eauth\mbedtls\base64.h">
      <Filter>Header Files</Filter>
    </ClInclude>
    <ClInclude Include="eauth\mbedtls\bignum.h">
      <Filter>Header Files</Filter>
    </ClInclude>
    <ClInclude Include="eauth\mbedtls\blowfish.h">
      <Filter>Header Files</Filter>
    </ClInclude>
    <ClInclude Include="eauth\mbedtls\bn_mul.h">
      <Filter>Header Files</Filter>
    </ClInclude>
    <ClInclude Include="eauth\mbedtls\camellia.h">
      <Filter>Header Files</Filter>
    </ClInclude>
    <ClInclude Include="eauth\mbedtls\ccm.h">
      <Filter>Header Files</Filter>
    </ClInclude>
    <ClInclude Include="eauth\mbedtls\chacha20.h">
      <Filter>Header Files</Filter>
    </ClInclude>
    <ClInclude Include="eauth\mbedtls\chachapoly.h">
      <Filter>Header Files</Filter>
    </ClInclude>
    <ClInclude Include="eauth\mbedtls\check_config.h">
      <Filter>Header Files</Filter>
    </ClInclude>
    <ClInclude Include="eauth\mbedtls\cipher.h">
      <Filter>Header Files</Filter>
    </ClInclude>
    <ClInclude Include="eauth\mbedtls\cipher_internal.h">
      <Filter>Header Files</Filter>
    </ClInclude>
    <ClInclude Include="eauth\mbedtls\cmac.h">
      <Filter>Header Files</Filter>
    </ClInclude>
    <ClInclude Include="eauth\mbedtls\compat-1.3.h">
      <Filter>Header Files</Filter>
    </ClInclude>
    <ClInclude Include="eauth\mbedtls\config.h">
      <Filter>Header Files</Filter>
    </ClInclude>
    <ClInclude Include="eauth\mbedtls\ctr_drbg.h">
      <Filter>Header Files</Filter>
    </ClInclude>
    <ClInclude Include="eauth\mbedtls\des.h">
      <Filter>Header Files</Filter>
    </ClInclude>
    <ClInclude Include="eauth\mbedtls\dhm.h">
      <Filter>Header Files</Filter>
    </ClInclude>
    <ClInclude Include="eauth\mbedtls\ecdh.h">
      <Filter>Header Files</Filter>
    </ClInclude>
    <ClInclude Include="eauth\mbedtls\ecdsa.h">
      <Filter>Header Files</Filter>
    </ClInclude>
    <ClInclude Include="eauth\mbedtls\ecjpake.h">
      <Filter>Header Files</Filter>
    </ClInclude>
    <ClInclude Include="eauth\mbedtls\ecp.h">
      <Filter>Header Files</Filter>
    </ClInclude>
    <ClInclude Include="eauth\mbedtls\ecp_internal.h">
      <Filter>Header Files</Filter>
    </ClInclude>
    <ClInclude Include="eauth\mbedtls\entropy.h">
      <Filter>Header Files</Filter>
    </ClInclude>
    <ClInclude Include="eauth\mbedtls\entropy_poll.h">
      <Filter>Header Files</Filter>
    </ClInclude>
    <ClInclude Include="eauth\mbedtls\error.h">
      <Filter>Header Files</Filter>
    </ClInclude>
    <ClInclude Include="eauth\mbedtls\gcm.h">
      <Filter>Header Files</Filter>
    </ClInclude>
    <ClInclude Include="eauth\mbedtls\havege.h">
      <Filter>Header Files</Filter>
    </ClInclude>
    <ClInclude Include="eauth\mbedtls\hkdf.h">
      <Filter>Header Files</Filter>
    </ClInclude>
    <ClInclude Include="eauth\mbedtls\hmac_drbg.h">
      <Filter>Header Files</Filter>
    </ClInclude>
    <ClInclude Include="eauth\mbedtls\md.h">
      <Filter>Header Files</Filter>
    </ClInclude>
    <ClInclude Include="eauth\mbedtls\md_internal.h">
      <Filter>Header Files</Filter>
    </ClInclude>
    <ClInclude Include="eauth\mbedtls\md2.h">
      <Filter>Header Files</Filter>
    </ClInclude>
    <ClInclude Include="eauth\mbedtls\md4.h">
      <Filter>Header Files</Filter>
    </ClInclude>
    <ClInclude Include="eauth\mbedtls\md5.h">
      <Filter>Header Files</Filter>
    </ClInclude>
    <ClInclude Include="eauth\mbedtls\memory_buffer_alloc.h">
      <Filter>Header Files</Filter>
    </ClInclude>
    <ClInclude Include="eauth\mbedtls\nist_kw.h">
      <Filter>Header Files</Filter>
    </ClInclude>
    <ClInclude Include="eauth\mbedtls\oid.h">
      <Filter>Header Files</Filter>
    </ClInclude>
    <ClInclude Include="eauth\mbedtls\padlock.h">
      <Filter>Header Files</Filter>
    </ClInclude>
    <ClInclude Include="eauth\mbedtls\pem.h">
      <Filter>Header Files</Filter>
    </ClInclude>
    <ClInclude Include="eauth\mbedtls\pk.h">
      <Filter>Header Files</Filter>
    </ClInclude>
    <ClInclude Include="eauth\mbedtls\pk_internal.h">
      <Filter>Header Files</Filter>
    </ClInclude>
    <ClInclude Include="eauth\mbedtls\pkcs5.h">
      <Filter>Header Files</Filter>
    </ClInclude>
    <ClInclude Include="eauth\mbedtls\pkcs12.h">
      <Filter>Header Files</Filter>
    </ClInclude>
    <ClInclude Include="eauth\mbedtls\platform.h">
      <Filter>Header Files</Filter>
    </ClInclude>
    <ClInclude Include="eauth\mbedtls\platform_time.h">
      <Filter>Header Files</Filter>
    </ClInclude>
    <ClInclude Include="eauth\mbedtls\platform_util.h">
      <Filter>Header Files</Filter>
    </ClInclude>
    <ClInclude Include="eauth\mbedtls\poly1305.h">
      <Filter>Header Files</Filter>
    </ClInclude>
    <ClInclude Include="eauth\mbedtls\psa_util.h">
      <Filter>Header Files</Filter>
    </ClInclude>
    <ClInclude Include="eauth\mbedtls\ripemd160.h">
      <Filter>Header Files</Filter>
    </ClInclude>
    <ClInclude Include="eauth\mbedtls\rsa.h">
      <Filter>Header Files</Filter>
    </ClInclude>
    <ClInclude Include="eauth\mbedtls\rsa_internal.h">
      <Filter>Header Files</Filter>
    </ClInclude>
    <ClInclude Include="eauth\mbedtls\sha1.h">
      <Filter>Header Files</Filter>
    </ClInclude>
    <ClInclude Include="eauth\mbedtls\sha256.h">
      <Filter>Header Files</Filter>
    </ClInclude>
    <ClInclude Include="eauth\mbedtls\sha512.h">
      <Filter>Header Files</Filter>
    </ClInclude>
    <ClInclude Include="eauth\mbedtls\threading.h">
      <Filter>Header Files</Filter>
    </ClInclude>
    <ClInclude Include="eauth\mbedtls\timing.h">
      <Filter>Header Files</Filter>
    </ClInclude>
    <ClInclude Include="eauth\mbedtls\version.h">
      <Filter>Header Files</Filter>
    </ClInclude>
    <ClInclude Include="eauth\mbedtls\xtea.h">
      <Filter>Header Files</Filter>
    </ClInclude>
  </ItemGroup>
  <ItemGroup>
    <Library Include="eauth\curl\libcurl_a64.lib" />
    <Library Include="eauth\curl\libcurl_a86.lib" />
  </ItemGroup>
</Project>